
Microsoft Visual Studio Solution File, Format Version 12.00
# Visual Studio 14
VisualStudioVersion = 14.0.23107.0
MinimumVisualStudioVersion = 10.0.40219.1
Project("{2150E333-8FDC-42A3-9474-1A3956D46DE8}") = "Solution Items", "Solution Items", "{8555F67F-7428-4291-92FE-618677E9CC3C}"
	ProjectSection(SolutionItems) = preProject
		default.js = default.js
		gamedata.js = gamedata.js
		graphics.js = graphics.js
		index.html = index.html
		..\JSONDictionary\JSONDictionary\Bridge\www\JSONDictionary.js = ..\JSONDictionary\JSONDictionary\Bridge\www\JSONDictionary.js
	EndProjectSection
EndProject
Project("{2150E333-8FDC-42A3-9474-1A3956D46DE8}") = "img", "img", "{B74CD5C8-2D66-4F55-BEE8-FE51D373CC00}"
	ProjectSection(SolutionItems) = preProject
		img\grass.png = img\grass.png
		..\..\..\..\..\Documents\Scanned Documents\rabbit.png = ..\..\..\..\..\Documents\Scanned Documents\rabbit.png
		..\..\..\..\..\Documents\Scanned Documents\worm.png = ..\..\..\..\..\Documents\Scanned Documents\worm.png
	EndProjectSection
EndProject
Project("{FAE04EC0-301F-11D3-BF4B-00C04F79EFBC}") = "Default", "Default\Default.csproj", "{7F9C2059-9D54-4ABE-9E29-2D1D660128BD}"
EndProject
Global
	GlobalSection(SolutionConfigurationPlatforms) = preSolution
		Debug|Any CPU = Debug|Any CPU
		Release|Any CPU = Release|Any CPU
	EndGlobalSection
	GlobalSection(ProjectConfigurationPlatforms) = postSolution
		{7F9C2059-9D54-4ABE-9E29-2D1D660128BD}.Debug|Any CPU.ActiveCfg = Debug|Any CPU
		{7F9C2059-9D54-4ABE-9E29-2D1D660128BD}.Debug|Any CPU.Build.0 = Debug|Any CPU
		{7F9C2059-9D54-4ABE-9E29-2D1D660128BD}.Release|Any CPU.ActiveCfg = Release|Any CPU
		{7F9C2059-9D54-4ABE-9E29-2D1D660128BD}.Release|Any CPU.Build.0 = Release|Any CPU
	EndGlobalSection
	GlobalSection(SolutionProperties) = preSolution
		HideSolutionNode = FALSE
	EndGlobalSection
	GlobalSection(NestedProjects) = preSolution
		{B74CD5C8-2D66-4F55-BEE8-FE51D373CC00} = {8555F67F-7428-4291-92FE-618677E9CC3C}
	EndGlobalSection
EndGlobal
